
Microsoft Visual Studio Solution File, Format Version 12.00
# Visual Studio 2013
VisualStudioVersion = 12.0.40629.0
MinimumVisualStudioVersion = 10.0.40219.1
Project("{FAE04EC0-301F-11D3-BF4B-00C04F79EFBC}") = "BuilderPattern", "BuilderPattern\BuilderPattern.csproj", "{2889D39C-154C-4070-AEAF-60AD188B5ED4}"
EndProject
Project("{FAE04EC0-301F-11D3-BF4B-00C04F79EFBC}") = "PrototypePattern", "PrototypePattern\PrototypePattern.csproj", "{5777CA64-3277-4946-9D32-985253C0682F}"
EndProject
Project("{FAE04EC0-301F-11D3-BF4B-00C04F79EFBC}") = "AdapterPattern", "AdapterPattern\AdapterPattern.csproj", "{1C1EF6C5-B810-44E4-9003-1970FFA00EFC}"
EndProject
Project("{FAE04EC0-301F-11D3-BF4B-00C04F79EFBC}") = "BridgePattern", "BridgePattern\BridgePattern.csproj", "{5C5F8285-B8C2-494A-A82A-5C20995E5BC2}"
EndProject
Project("{FAE04EC0-301F-11D3-BF4B-00C04F79EFBC}") = "ObserverPattern", "ObserverPattern\ObserverPattern.csproj", "{B022B752-E23F-475E-8944-87A2B4812622}"
EndProject
Project("{FAE04EC0-301F-11D3-BF4B-00C04F79EFBC}") = "IteratorPattern", "IteratorPattern\IteratorPattern.csproj", "{9824854B-B3A4-4513-B76A-C90BFDC7EFD9}"
EndProject
Project("{2150E333-8FDC-42A3-9474-1A3956D46DE8}") = "Creational Pattern", "Creational Pattern", "{286158D8-EB96-4DBA-934B-F1AD61470094}"
EndProject
Project("{FAE04EC0-301F-11D3-BF4B-00C04F79EFBC}") = "FactoryPattern", "FactoryPattern\FactoryPattern.csproj", "{C58ED4DE-952F-4FE7-8D76-387B3C6882B3}"
EndProject
Project("{FAE04EC0-301F-11D3-BF4B-00C04F79EFBC}") = "AbstractFactoryPattern", "AbstractFactoryPattern\AbstractFactoryPattern.csproj", "{28CE96B0-739C-4D03-B525-626F921EB170}"
EndProject
Project("{FAE04EC0-301F-11D3-BF4B-00C04F79EFBC}") = "SingletonPattern", "SingletonPattern\SingletonPattern.csproj", "{BDAE7238-D9AC-4937-B5FE-9B06BBB207CD}"
EndProject
Project("{2150E333-8FDC-42A3-9474-1A3956D46DE8}") = "Structural Pattern", "Structural Pattern", "{A4B94F40-6FD8-4CB4-B082-A5CD245E45E3}"
EndProject
Project("{2150E333-8FDC-42A3-9474-1A3956D46DE8}") = "Behavioral Pattern", "Behavioral Pattern", "{A4C0FEFC-13CA-4EA8-87D0-2E1820B7B799}"
EndProject
Project("{2150E333-8FDC-42A3-9474-1A3956D46DE8}") = "Concurrency Pattern", "Concurrency Pattern", "{8D0AD465-E4C5-4162-A849-DC5203940080}"
EndProject
Project("{FAE04EC0-301F-11D3-BF4B-00C04F79EFBC}") = "ProducerConsumerModel", "ProducerConsumerModel\ProducerConsumerModel.csproj", "{08FBF4AE-2744-4BD8-AC0F-0B2FA5361FBD}"
EndProject
Global
	GlobalSection(SolutionConfigurationPlatforms) = preSolution
		Debug|Any CPU = Debug|Any CPU
		Release|Any CPU = Release|Any CPU
	EndGlobalSection
	GlobalSection(ProjectConfigurationPlatforms) = postSolution
		{2889D39C-154C-4070-AEAF-60AD188B5ED4}.Debug|Any CPU.ActiveCfg = Debug|Any CPU
		{2889D39C-154C-4070-AEAF-60AD188B5ED4}.Debug|Any CPU.Build.0 = Debug|Any CPU
		{2889D39C-154C-4070-AEAF-60AD188B5ED4}.Release|Any CPU.ActiveCfg = Release|Any CPU
		{2889D39C-154C-4070-AEAF-60AD188B5ED4}.Release|Any CPU.Build.0 = Release|Any CPU
		{5777CA64-3277-4946-9D32-985253C0682F}.Debug|Any CPU.ActiveCfg = Debug|Any CPU
		{5777CA64-3277-4946-9D32-985253C0682F}.Debug|Any CPU.Build.0 = Debug|Any CPU
		{5777CA64-3277-4946-9D32-985253C0682F}.Release|Any CPU.ActiveCfg = Release|Any CPU
		{5777CA64-3277-4946-9D32-985253C0682F}.Release|Any CPU.Build.0 = Release|Any CPU
		{1C1EF6C5-B810-44E4-9003-1970FFA00EFC}.Debug|Any CPU.ActiveCfg = Debug|Any CPU
		{1C1EF6C5-B810-44E4-9003-1970FFA00EFC}.Debug|Any CPU.Build.0 = Debug|Any CPU
		{1C1EF6C5-B810-44E4-9003-1970FFA00EFC}.Release|Any CPU.ActiveCfg = Release|Any CPU
		{1C1EF6C5-B810-44E4-9003-1970FFA00EFC}.Release|Any CPU.Build.0 = Release|Any CPU
		{5C5F8285-B8C2-494A-A82A-5C20995E5BC2}.Debug|Any CPU.ActiveCfg = Debug|Any CPU
		{5C5F8285-B8C2-494A-A82A-5C20995E5BC2}.Debug|Any CPU.Build.0 = Debug|Any CPU
		{5C5F8285-B8C2-494A-A82A-5C20995E5BC2}.Release|Any CPU.ActiveCfg = Release|Any CPU
		{5C5F8285-B8C2-494A-A82A-5C20995E5BC2}.Release|Any CPU.Build.0 = Release|Any CPU
		{B022B752-E23F-475E-8944-87A2B4812622}.Debug|Any CPU.ActiveCfg = Debug|Any CPU
		{B022B752-E23F-475E-8944-87A2B4812622}.Debug|Any CPU.Build.0 = Debug|Any CPU
		{B022B752-E23F-475E-8944-87A2B4812622}.Release|Any CPU.ActiveCfg = Release|Any CPU
		{B022B752-E23F-475E-8944-87A2B4812622}.Release|Any CPU.Build.0 = Release|Any CPU
		{9824854B-B3A4-4513-B76A-C90BFDC7EFD9}.Debug|Any CPU.ActiveCfg = Debug|Any CPU
		{9824854B-B3A4-4513-B76A-C90BFDC7EFD9}.Debug|Any CPU.Build.0 = Debug|Any CPU
		{9824854B-B3A4-4513-B76A-C90BFDC7EFD9}.Release|Any CPU.ActiveCfg = Release|Any CPU
		{9824854B-B3A4-4513-B76A-C90BFDC7EFD9}.Release|Any CPU.Build.0 = Release|Any CPU
		{C58ED4DE-952F-4FE7-8D76-387B3C6882B3}.Debug|Any CPU.ActiveCfg = Debug|Any CPU
		{C58ED4DE-952F-4FE7-8D76-387B3C6882B3}.Debug|Any CPU.Build.0 = Debug|Any CPU
		{C58ED4DE-952F-4FE7-8D76-387B3C6882B3}.Release|Any CPU.ActiveCfg = Release|Any CPU
		{C58ED4DE-952F-4FE7-8D76-387B3C6882B3}.Release|Any CPU.Build.0 = Release|Any CPU
		{28CE96B0-739C-4D03-B525-626F921EB170}.Debug|Any CPU.ActiveCfg = Debug|Any CPU
		{28CE96B0-739C-4D03-B525-626F921EB170}.Debug|Any CPU.Build.0 = Debug|Any CPU
		{28CE96B0-739C-4D03-B525-626F921EB170}.Release|Any CPU.ActiveCfg = Release|Any CPU
		{28CE96B0-739C-4D03-B525-626F921EB170}.Release|Any CPU.Build.0 = Release|Any CPU
		{BDAE7238-D9AC-4937-B5FE-9B06BBB207CD}.Debug|Any CPU.ActiveCfg = Debug|Any CPU
		{BDAE7238-D9AC-4937-B5FE-9B06BBB207CD}.Debug|Any CPU.Build.0 = Debug|Any CPU
		{BDAE7238-D9AC-4937-B5FE-9B06BBB207CD}.Release|Any CPU.ActiveCfg = Release|Any CPU
		{BDAE7238-D9AC-4937-B5FE-9B06BBB207CD}.Release|Any CPU.Build.0 = Release|Any CPU
		{08FBF4AE-2744-4BD8-AC0F-0B2FA5361FBD}.Debug|Any CPU.ActiveCfg = Debug|Any CPU
		{08FBF4AE-2744-4BD8-AC0F-0B2FA5361FBD}.Debug|Any CPU.Build.0 = Debug|Any CPU
		{08FBF4AE-2744-4BD8-AC0F-0B2FA5361FBD}.Release|Any CPU.ActiveCfg = Release|Any CPU
		{08FBF4AE-2744-4BD8-AC0F-0B2FA5361FBD}.Release|Any CPU.Build.0 = Release|Any CPU
	EndGlobalSection
	GlobalSection(SolutionProperties) = preSolution
		HideSolutionNode = FALSE
	EndGlobalSection
	GlobalSection(NestedProjects) = preSolution
		{2889D39C-154C-4070-AEAF-60AD188B5ED4} = {286158D8-EB96-4DBA-934B-F1AD61470094}
		{5777CA64-3277-4946-9D32-985253C0682F} = {286158D8-EB96-4DBA-934B-F1AD61470094}
		{1C1EF6C5-B810-44E4-9003-1970FFA00EFC} = {A4B94F40-6FD8-4CB4-B082-A5CD245E45E3}
		{5C5F8285-B8C2-494A-A82A-5C20995E5BC2} = {A4B94F40-6FD8-4CB4-B082-A5CD245E45E3}
		{B022B752-E23F-475E-8944-87A2B4812622} = {A4C0FEFC-13CA-4EA8-87D0-2E1820B7B799}
		{9824854B-B3A4-4513-B76A-C90BFDC7EFD9} = {A4C0FEFC-13CA-4EA8-87D0-2E1820B7B799}
		{C58ED4DE-952F-4FE7-8D76-387B3C6882B3} = {286158D8-EB96-4DBA-934B-F1AD61470094}
		{28CE96B0-739C-4D03-B525-626F921EB170} = {286158D8-EB96-4DBA-934B-F1AD61470094}
		{BDAE7238-D9AC-4937-B5FE-9B06BBB207CD} = {286158D8-EB96-4DBA-934B-F1AD61470094}
		{08FBF4AE-2744-4BD8-AC0F-0B2FA5361FBD} = {8D0AD465-E4C5-4162-A849-DC5203940080}
	EndGlobalSection
EndGlobal
